// !$*UTF8*$!
{
	archiveVersion = 1;
	classes = {
	};
	objectVersion = 46;
	objects = {

/* Begin PBXBuildFile section */
		84B51E6F1E1C97F400463FEC /* WGContactDetailVC.m in Sources */ = {isa = PBXBuildFile; fileRef = 84B51E6E1E1C97F400463FEC /* WGContactDetailVC.m */; };
		84B51E711E1CE64A00463FEC /* contact.png in Resources */ = {isa = PBXBuildFile; fileRef = 84B51E701E1CE64A00463FEC /* contact.png */; };
		84C485551E1F844300D0F514 /* WGHeaderView.m in Sources */ = {isa = PBXBuildFile; fileRef = 84C485541E1F844300D0F514 /* WGHeaderView.m */; };
		84F3753F1E23368100A0F082 /* WGTableViewCell.m in Sources */ = {isa = PBXBuildFile; fileRef = 84F3753E1E23368100A0F082 /* WGTableViewCell.m */; };
		84F375421E23691200A0F082 /* WGTableHeaderView.m in Sources */ = {isa = PBXBuildFile; fileRef = 84F375411E23691200A0F082 /* WGTableHeaderView.m */; };
		84F5525C1E1B82C0004D8CA3 /* main.m in Sources */ = {isa = PBXBuildFile; fileRef = 84F5525B1E1B82C0004D8CA3 /* main.m */; };
		84F5525F1E1B82C0004D8CA3 /* AppDelegate.m in Sources */ = {isa = PBXBuildFile; fileRef = 84F5525E1E1B82C0004D8CA3 /* AppDelegate.m */; };
		84F552621E1B82C0004D8CA3 /* ViewController.m in Sources */ = {isa = PBXBuildFile; fileRef = 84F552611E1B82C0004D8CA3 /* ViewController.m */; };
		84F552651E1B82C0004D8CA3 /* Main.storyboard in Resources */ = {isa = PBXBuildFile; fileRef = 84F552631E1B82C0004D8CA3 /* Main.storyboard */; };
		84F552671E1B82C0004D8CA3 /* Assets.xcassets in Resources */ = {isa = PBXBuildFile; fileRef = 84F552661E1B82C0004D8CA3 /* Assets.xcassets */; };
		84F5526A1E1B82C0004D8CA3 /* LaunchScreen.storyboard in Resources */ = {isa = PBXBuildFile; fileRef = 84F552681E1B82C0004D8CA3 /* LaunchScreen.storyboard */; };
		84F552751E1B82C1004D8CA3 /* ContactsTests.m in Sources */ = {isa = PBXBuildFile; fileRef = 84F552741E1B82C1004D8CA3 /* ContactsTests.m */; };
		84F552801E1B82C1004D8CA3 /* ContactsUITests.m in Sources */ = {isa = PBXBuildFile; fileRef = 84F5527F1E1B82C1004D8CA3 /* ContactsUITests.m */; };
		84F552921E1B83DB004D8CA3 /* WGContact.m in Sources */ = {isa = PBXBuildFile; fileRef = 84F552911E1B83DB004D8CA3 /* WGContact.m */; };
		84F552971E1B8BCB004D8CA3 /* WGContactGroup.m in Sources */ = {isa = PBXBuildFile; fileRef = 84F552961E1B8BCB004D8CA3 /* WGContactGroup.m */; };
		84F552A01E1B91A5004D8CA3 /* WGContactsVC.m in Sources */ = {isa = PBXBuildFile; fileRef = 84F5529F1E1B91A5004D8CA3 /* WGContactsVC.m */; };
		84F552A31E1B9256004D8CA3 /* WGContactsView.m in Sources */ = {isa = PBXBuildFile; fileRef = 84F552A21E1B9256004D8CA3 /* WGContactsView.m */; };
		84F552A61E1B9278004D8CA3 /* WGContactDetailView.m in Sources */ = {isa = PBXBuildFile; fileRef = 84F552A51E1B9278004D8CA3 /* WGContactDetailView.m */; };
/* End PBXBuildFile section */

/* Begin PBXContainerItemProxy section */
		84F552711E1B82C1004D8CA3 /* PBXContainerItemProxy */ = {
			isa = PBXContainerItemProxy;
			containerPortal = 84F5524F1E1B82C0004D8CA3 /* Project object */;
			proxyType = 1;
			remoteGlobalIDString = 84F552561E1B82C0004D8CA3;
			remoteInfo = Contacts;
		};
		84F5527C1E1B82C1004D8CA3 /* PBXContainerItemProxy */ = {
			isa = PBXContainerItemProxy;
			containerPortal = 84F5524F1E1B82C0004D8CA3 /* Project object */;
			proxyType = 1;
			remoteGlobalIDString = 84F552561E1B82C0004D8CA3;
			remoteInfo = Contacts;
		};
/* End PBXContainerItemProxy section */

/* Begin PBXFileReference section */
		847562FF1E260117001AED51 /* contacts-Prefix.pch */ = {isa = PBXFileReference; fileEncoding = 4; lastKnownFileType = sourcecode.c.h; name = "contacts-Prefix.pch"; path = "../contacts-Prefix.pch"; sourceTree = "<group>"; };
		84B51E6D1E1C97F400463FEC /* WGContactDetailVC.h */ = {isa = PBXFileReference; fileEncoding = 4; lastKnownFileType = sourcecode.c.h; path = WGContactDetailVC.h; sourceTree = "<group>"; };
		84B51E6E1E1C97F400463FEC /* WGContactDetailVC.m */ = {isa = PBXFileReference; fileEncoding = 4; lastKnownFileType = sourcecode.c.objc; path = WGContactDetailVC.m; sourceTree = "<group>"; };
		84B51E701E1CE64A00463FEC /* contact.png */ = {isa = PBXFileReference; lastKnownFileType = image.png; path = contact.png; sourceTree = "<group>"; };
		84C485531E1F844300D0F514 /* WGHeaderView.h */ = {isa = PBXFileReference; fileEncoding = 4; lastKnownFileType = sourcecode.c.h; path = WGHeaderView.h; sourceTree = "<group>"; };
		84C485541E1F844300D0F514 /* WGHeaderView.m */ = {isa = PBXFileReference; fileEncoding = 4; lastKnownFileType = sourcecode.c.objc; path = WGHeaderView.m; sourceTree = "<group>"; };
		84F3753D1E23368100A0F082 /* WGTableViewCell.h */ = {isa = PBXFileReference; fileEncoding = 4; lastKnownFileType = sourcecode.c.h; path = WGTableViewCell.h; sourceTree = "<group>"; };
		84F3753E1E23368100A0F082 /* WGTableViewCell.m */ = {isa = PBXFileReference; fileEncoding = 4; lastKnownFileType = sourcecode.c.objc; path = WGTableViewCell.m; sourceTree = "<group>"; };
		84F375401E23691200A0F082 /* WGTableHeaderView.h */ = {isa = PBXFileReference; fileEncoding = 4; lastKnownFileType = sourcecode.c.h; path = WGTableHeaderView.h; sourceTree = "<group>"; };
		84F375411E23691200A0F082 /* WGTableHeaderView.m */ = {isa = PBXFileReference; fileEncoding = 4; lastKnownFileType = sourcecode.c.objc; path = WGTableHeaderView.m; sourceTree = "<group>"; };
		84F552571E1B82C0004D8CA3 /* Contacts.app */ = {isa = PBXFileReference; explicitFileType = wrapper.application; includeInIndex = 0; path = Contacts.app; sourceTree = BUILT_PRODUCTS_DIR; };
		84F5525B1E1B82C0004D8CA3 /* main.m */ = {isa = PBXFileReference; lastKnownFileType = sourcecode.c.objc; path = main.m; sourceTree = "<group>"; };
		84F5525D1E1B82C0004D8CA3 /* AppDelegate.h */ = {isa = PBXFileReference; lastKnownFileType = sourcecode.c.h; path = AppDelegate.h; sourceTree = "<group>"; };
		84F5525E1E1B82C0004D8CA3 /* AppDelegate.m */ = {isa = PBXFileReference; lastKnownFileType = sourcecode.c.objc; path = AppDelegate.m; sourceTree = "<group>"; };
		84F552601E1B82C0004D8CA3 /* ViewController.h */ = {isa = PBXFileReference; lastKnownFileType = sourcecode.c.h; path = ViewController.h; sourceTree = "<group>"; };
		84F552611E1B82C0004D8CA3 /* ViewController.m */ = {isa = PBXFileReference; lastKnownFileType = sourcecode.c.objc; path = ViewController.m; sourceTree = "<group>"; };
		84F552641E1B82C0004D8CA3 /* Base */ = {isa = PBXFileReference; lastKnownFileType = file.storyboard; name = Base; path = Base.lproj/Main.storyboard; sourceTree = "<group>"; };
		84F552661E1B82C0004D8CA3 /* Assets.xcassets */ = {isa = PBXFileReference; lastKnownFileType = folder.assetcatalog; path = Assets.xcassets; sourceTree = "<group>"; };
		84F552691E1B82C0004D8CA3 /* Base */ = {isa = PBXFileReference; lastKnownFileType = file.storyboard; name = Base; path = Base.lproj/LaunchScreen.storyboard; sourceTree = "<group>"; };
		84F5526B1E1B82C0004D8CA3 /* Info.plist */ = {isa = PBXFileReference; lastKnownFileType = text.plist.xml; path = Info.plist; sourceTree = "<group>"; };
		84F552701E1B82C1004D8CA3 /* ContactsTests.xctest */ = {isa = PBXFileReference; explicitFileType = wrapper.cfbundle; includeInIndex = 0; path = ContactsTests.xctest; sourceTree = BUILT_PRODUCTS_DIR; };
		84F552741E1B82C1004D8CA3 /* ContactsTests.m */ = {isa = PBXFileReference; lastKnownFileType = sourcecode.c.objc; path = ContactsTests.m; sourceTree = "<group>"; };
		84F552761E1B82C1004D8CA3 /* Info.plist */ = {isa = PBXFileReference; lastKnownFileType = text.plist.xml; path = Info.plist; sourceTree = "<group>"; };
		84F5527B1E1B82C1004D8CA3 /* ContactsUITests.xctest */ = {isa = PBXFileReference; explicitFileType = wrapper.cfbundle; includeInIndex = 0; path = ContactsUITests.xctest; sourceTree = BUILT_PRODUCTS_DIR; };
		84F5527F1E1B82C1004D8CA3 /* ContactsUITests.m */ = {isa = PBXFileReference; lastKnownFileType = sourcecode.c.objc; path = ContactsUITests.m; sourceTree = "<group>"; };
		84F552811E1B82C1004D8CA3 /* Info.plist */ = {isa = PBXFileReference; lastKnownFileType = text.plist.xml; path = Info.plist; sourceTree = "<group>"; };
		84F552901E1B83DB004D8CA3 /* WGContact.h */ = {isa = PBXFileReference; fileEncoding = 4; lastKnownFileType = sourcecode.c.h; path = WGContact.h; sourceTree = "<group>"; };
		84F552911E1B83DB004D8CA3 /* WGContact.m */ = {isa = PBXFileReference; fileEncoding = 4; lastKnownFileType = sourcecode.c.objc; path = WGContact.m; sourceTree = "<group>"; };
		84F552951E1B8BCB004D8CA3 /* WGContactGroup.h */ = {isa = PBXFileReference; fileEncoding = 4; lastKnownFileType = sourcecode.c.h; path = WGContactGroup.h; sourceTree = "<group>"; };
		84F552961E1B8BCB004D8CA3 /* WGContactGroup.m */ = {isa = PBXFileReference; fileEncoding = 4; lastKnownFileType = sourcecode.c.objc; path = WGContactGroup.m; sourceTree = "<group>"; };
		84F5529E1E1B91A5004D8CA3 /* WGContactsVC.h */ = {isa = PBXFileReference; fileEncoding = 4; lastKnownFileType = sourcecode.c.h; path = WGContactsVC.h; sourceTree = "<group>"; };
		84F5529F1E1B91A5004D8CA3 /* WGContactsVC.m */ = {isa = PBXFileReference; fileEncoding = 4; lastKnownFileType = sourcecode.c.objc; path = WGContactsVC.m; sourceTree = "<group>"; };
		84F552A11E1B9256004D8CA3 /* WGContactsView.h */ = {isa = PBXFileReference; fileEncoding = 4; lastKnownFileType = sourcecode.c.h; path = WGContactsView.h; sourceTree = "<group>"; };
		84F552A21E1B9256004D8CA3 /* WGContactsView.m */ = {isa = PBXFileReference; fileEncoding = 4; lastKnownFileType = sourcecode.c.objc; path = WGContactsView.m; sourceTree = "<group>"; };
		84F552A41E1B9278004D8CA3 /* WGContactDetailView.h */ = {isa = PBXFileReference; fileEncoding = 4; lastKnownFileType = sourcecode.c.h; path = WGContactDetailView.h; sourceTree = "<group>"; };
		84F552A51E1B9278004D8CA3 /* WGContactDetailView.m */ = {isa = PBXFileReference; fileEncoding = 4; lastKnownFileType = sourcecode.c.objc; path = WGContactDetailView.m; sourceTree = "<group>"; };
/* End PBXFileReference section */

/* Begin PBXFrameworksBuildPhase section */
		84F552541E1B82C0004D8CA3 /* Frameworks */ = {
			isa = PBXFrameworksBuildPhase;
			buildActionMask = 2147483647;
			files = (
			);
			runOnlyForDeploymentPostprocessing = 0;
		};
		84F5526D1E1B82C1004D8CA3 /* Frameworks */ = {
			isa = PBXFrameworksBuildPhase;
			buildActionMask = 2147483647;
			files = (
			);
			runOnlyForDeploymentPostprocessing = 0;
		};
		84F552781E1B82C1004D8CA3 /* Frameworks */ = {
			isa = PBXFrameworksBuildPhase;
			buildActionMask = 2147483647;
			files = (
			);
			runOnlyForDeploymentPostprocessing = 0;
		};
/* End PBXFrameworksBuildPhase section */

/* Begin PBXGroup section */
		84F5524E1E1B82C0004D8CA3 = {
			isa = PBXGroup;
			children = (
				84F552591E1B82C0004D8CA3 /* Contacts */,
				84B51E701E1CE64A00463FEC /* contact.png */,
				84F552731E1B82C1004D8CA3 /* ContactsTests */,
				84F5527E1E1B82C1004D8CA3 /* ContactsUITests */,
				84F552581E1B82C0004D8CA3 /* Products */,
			);
			sourceTree = "<group>";
		};
		84F552581E1B82C0004D8CA3 /* Products */ = {
			isa = PBXGroup;
			children = (
				84F552571E1B82C0004D8CA3 /* Contacts.app */,
				84F552701E1B82C1004D8CA3 /* ContactsTests.xctest */,
				84F5527B1E1B82C1004D8CA3 /* ContactsUITests.xctest */,
			);
			name = Products;
			sourceTree = "<group>";
		};
		84F552591E1B82C0004D8CA3 /* Contacts */ = {
			isa = PBXGroup;
			children = (
				84F5528F1E1B8322004D8CA3 /* controller */,
				84F5528E1E1B8319004D8CA3 /* view */,
				84F5528D1E1B830A004D8CA3 /* model */,
				84F5525D1E1B82C0004D8CA3 /* AppDelegate.h */,
				84F5525E1E1B82C0004D8CA3 /* AppDelegate.m */,
				84F552601E1B82C0004D8CA3 /* ViewController.h */,
				84F552611E1B82C0004D8CA3 /* ViewController.m */,
				84F5525A1E1B82C0004D8CA3 /* Supporting Files */,
			);
			path = Contacts;
			sourceTree = "<group>";
		};
		84F5525A1E1B82C0004D8CA3 /* Supporting Files */ = {
			isa = PBXGroup;
			children = (
				847562FF1E260117001AED51 /* contacts-Prefix.pch */,
				84F552631E1B82C0004D8CA3 /* Main.storyboard */,
				84F552661E1B82C0004D8CA3 /* Assets.xcassets */,
				84F552681E1B82C0004D8CA3 /* LaunchScreen.storyboard */,
				84F5526B1E1B82C0004D8CA3 /* Info.plist */,
				84F5525B1E1B82C0004D8CA3 /* main.m */,
			);
			name = "Supporting Files";
			sourceTree = "<group>";
		};
		84F552731E1B82C1004D8CA3 /* ContactsTests */ = {
			isa = PBXGroup;
			children = (
				84F552741E1B82C1004D8CA3 /* ContactsTests.m */,
				84F552761E1B82C1004D8CA3 /* Info.plist */,
			);
			path = ContactsTests;
			sourceTree = "<group>";
		};
		84F5527E1E1B82C1004D8CA3 /* ContactsUITests */ = {
			isa = PBXGroup;
			children = (
				84F5527F1E1B82C1004D8CA3 /* ContactsUITests.m */,
				84F552811E1B82C1004D8CA3 /* Info.plist */,
			);
			path = ContactsUITests;
			sourceTree = "<group>";
		};
		84F5528D1E1B830A004D8CA3 /* model */ = {
			isa = PBXGroup;
			children = (
				84F552901E1B83DB004D8CA3 /* WGContact.h */,
				84F552911E1B83DB004D8CA3 /* WGContact.m */,
				84F552951E1B8BCB004D8CA3 /* WGContactGroup.h */,
				84F552961E1B8BCB004D8CA3 /* WGContactGroup.m */,
			);
			name = model;
			sourceTree = "<group>";
		};
		84F5528E1E1B8319004D8CA3 /* view */ = {
			isa = PBXGroup;
			children = (
				84F552A11E1B9256004D8CA3 /* WGContactsView.h */,
				84F552A21E1B9256004D8CA3 /* WGContactsView.m */,
				84F552A41E1B9278004D8CA3 /* WGContactDetailView.h */,
				84F552A51E1B9278004D8CA3 /* WGContactDetailView.m */,
				84C485531E1F844300D0F514 /* WGHeaderView.h */,
				84C485541E1F844300D0F514 /* WGHeaderView.m */,
				84F3753D1E23368100A0F082 /* WGTableViewCell.h */,
				84F3753E1E23368100A0F082 /* WGTableViewCell.m */,
				84F375401E23691200A0F082 /* WGTableHeaderView.h */,
				84F375411E23691200A0F082 /* WGTableHeaderView.m */,
			);
			name = view;
			sourceTree = "<group>";
		};
		84F5528F1E1B8322004D8CA3 /* controller */ = {
			isa = PBXGroup;
			children = (
				84F5529E1E1B91A5004D8CA3 /* WGContactsVC.h */,
				84F5529F1E1B91A5004D8CA3 /* WGContactsVC.m */,
				84B51E6D1E1C97F400463FEC /* WGContactDetailVC.h */,
				84B51E6E1E1C97F400463FEC /* WGContactDetailVC.m */,
			);
			name = controller;
			sourceTree = "<group>";
		};
/* End PBXGroup section */

/* Begin PBXNativeTarget section */
		84F552561E1B82C0004D8CA3 /* Contacts */ = {
			isa = PBXNativeTarget;
			buildConfigurationList = 84F552841E1B82C1004D8CA3 /* Build configuration list for PBXNativeTarget "Contacts" */;
			buildPhases = (
				84F552531E1B82C0004D8CA3 /* Sources */,
				84F552541E1B82C0004D8CA3 /* Frameworks */,
				84F552551E1B82C0004D8CA3 /* Resources */,
			);
			buildRules = (
			);
			dependencies = (
			);
			name = Contacts;
			productName = Contacts;
			productReference = 84F552571E1B82C0004D8CA3 /* Contacts.app */;
			productType = "com.apple.product-type.application";
		};
		84F5526F1E1B82C1004D8CA3 /* ContactsTests */ = {
			isa = PBXNativeTarget;
			buildConfigurationList = 84F552871E1B82C1004D8CA3 /* Build configuration list for PBXNativeTarget "ContactsTests" */;
			buildPhases = (
				84F5526C1E1B82C1004D8CA3 /* Sources */,
				84F5526D1E1B82C1004D8CA3 /* Frameworks */,
				84F5526E1E1B82C1004D8CA3 /* Resources */,
			);
			buildRules = (
			);
			dependencies = (
				84F552721E1B82C1004D8CA3 /* PBXTargetDependency */,
			);
			name = ContactsTests;
			productName = ContactsTests;
			productReference = 84F552701E1B82C1004D8CA3 /* ContactsTests.xctest */;
			productType = "com.apple.product-type.bundle.unit-test";
		};
		84F5527A1E1B82C1004D8CA3 /* ContactsUITests */ = {
			isa = PBXNativeTarget;
			buildConfigurationList = 84F5528A1E1B82C1004D8CA3 /* Build configuration list for PBXNativeTarget "ContactsUITests" */;
			buildPhases = (
				84F552771E1B82C1004D8CA3 /* Sources */,
				84F552781E1B82C1004D8CA3 /* Frameworks */,
				84F552791E1B82C1004D8CA3 /* Resources */,
			);
			buildRules = (
			);
			dependencies = (
				84F5527D1E1B82C1004D8CA3 /* PBXTargetDependency */,
			);
			name = ContactsUITests;
			productName = ContactsUITests;
			productReference = 84F5527B1E1B82C1004D8CA3 /* ContactsUITests.xctest */;
			productType = "com.apple.product-type.bundle.ui-testing";
		};
/* End PBXNativeTarget section */

/* Begin PBXProject section */
		84F5524F1E1B82C0004D8CA3 /* Project object */ = {
			isa = PBXProject;
			attributes = {
				LastUpgradeCheck = 0820;
				ORGANIZATIONNAME = Wind;
				TargetAttributes = {
					84F552561E1B82C0004D8CA3 = {
						CreatedOnToolsVersion = 8.2.1;
						ProvisioningStyle = Automatic;
					};
					84F5526F1E1B82C1004D8CA3 = {
						CreatedOnToolsVersion = 8.2.1;
						DevelopmentTeam = R96Z66JW5H;
						ProvisioningStyle = Automatic;
						TestTargetID = 84F552561E1B82C0004D8CA3;
					};
					84F5527A1E1B82C1004D8CA3 = {
						CreatedOnToolsVersion = 8.2.1;
						DevelopmentTeam = R96Z66JW5H;
						ProvisioningStyle = Automatic;
						TestTargetID = 84F552561E1B82C0004D8CA3;
					};
				};
			};
			buildConfigurationList = 84F552521E1B82C0004D8CA3 /* Build configuration list for PBXProject "Contacts" */;
			compatibilityVersion = "Xcode 3.2";
			developmentRegion = English;
			hasScannedForEncodings = 0;
			knownRegions = (
				en,
				Base,
			);
			mainGroup = 84F5524E1E1B82C0004D8CA3;
			productRefGroup = 84F552581E1B82C0004D8CA3 /* Products */;
			projectDirPath = "";
			projectRoot = "";
			targets = (
				84F552561E1B82C0004D8CA3 /* Contacts */,
				84F5526F1E1B82C1004D8CA3 /* ContactsTests */,
				84F5527A1E1B82C1004D8CA3 /* ContactsUITests */,
			);
		};
/* End PBXProject section */

/* Begin PBXResourcesBuildPhase section */
		84F552551E1B82C0004D8CA3 /* Resources */ = {
			isa = PBXResourcesBuildPhase;
			buildActionMask = 2147483647;
			files = (
				84F5526A1E1B82C0004D8CA3 /* LaunchScreen.storyboard in Resources */,
				84F552671E1B82C0004D8CA3 /* Assets.xcassets in Resources */,
				84B51E711E1CE64A00463FEC /* contact.png in Resources */,
				84F552651E1B82C0004D8CA3 /* Main.storyboard in Resources */,
			);
			runOnlyForDeploymentPostprocessing = 0;
		};
		84F5526E1E1B82C1004D8CA3 /* Resources */ = {
			isa = PBXResourcesBuildPhase;
			buildActionMask = 2147483647;
			files = (
			);
			runOnlyForDeploymentPostprocessing = 0;
		};
		84F552791E1B82C1004D8CA3 /* Resources */ = {
			isa = PBXResourcesBuildPhase;
			buildActionMask = 2147483647;
			files = (
			);
			runOnlyForDeploymentPostprocessing = 0;
		};
/* End PBXResourcesBuildPhase section */

/* Begin PBXSourcesBuildPhase section */
		84F552531E1B82C0004D8CA3 /* Sources */ = {
			isa = PBXSourcesBuildPhase;
			buildActionMask = 2147483647;
			files = (
				84F552A61E1B9278004D8CA3 /* WGContactDetailView.m in Sources */,
				84F552A31E1B9256004D8CA3 /* WGContactsView.m in Sources */,
				84F552921E1B83DB004D8CA3 /* WGContact.m in Sources */,
				84F552971E1B8BCB004D8CA3 /* WGContactGroup.m in Sources */,
				84F552621E1B82C0004D8CA3 /* ViewController.m in Sources */,
				84F552A01E1B91A5004D8CA3 /* WGContactsVC.m in Sources */,
				84B51E6F1E1C97F400463FEC /* WGContactDetailVC.m in Sources */,
				84C485551E1F844300D0F514 /* WGHeaderView.m in Sources */,
				84F375421E23691200A0F082 /* WGTableHeaderView.m in Sources */,
				84F5525F1E1B82C0004D8CA3 /* AppDelegate.m in Sources */,
				84F3753F1E23368100A0F082 /* WGTableViewCell.m in Sources */,
				84F5525C1E1B82C0004D8CA3 /* main.m in Sources */,
			);
			runOnlyForDeploymentPostprocessing = 0;
		};
		84F5526C1E1B82C1004D8CA3 /* Sources */ = {
			isa = PBXSourcesBuildPhase;
			buildActionMask = 2147483647;
			files = (
				84F552751E1B82C1004D8CA3 /* ContactsTests.m in Sources */,
			);
			runOnlyForDeploymentPostprocessing = 0;
		};
		84F552771E1B82C1004D8CA3 /* Sources */ = {
			isa = PBXSourcesBuildPhase;
			buildActionMask = 2147483647;
			files = (
				84F552801E1B82C1004D8CA3 /* ContactsUITests.m in Sources */,
			);
			runOnlyForDeploymentPostprocessing = 0;
		};
/* End PBXSourcesBuildPhase section */

/* Begin PBXTargetDependency section */
		84F552721E1B82C1004D8CA3 /* PBXTargetDependency */ = {
			isa = PBXTargetDependency;
			target = 84F552561E1B82C0004D8CA3 /* Contacts */;
			targetProxy = 84F552711E1B82C1004D8CA3 /* PBXContainerItemProxy */;
		};
		84F5527D1E1B82C1004D8CA3 /* PBXTargetDependency */ = {
			isa = PBXTargetDependency;
			target = 84F552561E1B82C0004D8CA3 /* Contacts */;
			targetProxy = 84F5527C1E1B82C1004D8CA3 /* PBXContainerItemProxy */;
		};
/* End PBXTargetDependency section */

/* Begin PBXVariantGroup section */
		84F552631E1B82C0004D8CA3 /* Main.storyboard */ = {
			isa = PBXVariantGroup;
			children = (
				84F552641E1B82C0004D8CA3 /* Base */,
			);
			name = Main.storyboard;
			sourceTree = "<group>";
		};
		84F552681E1B82C0004D8CA3 /* LaunchScreen.storyboard */ = {
			isa = PBXVariantGroup;
			children = (
				84F552691E1B82C0004D8CA3 /* Base */,
			);
			name = LaunchScreen.storyboard;
			sourceTree = "<group>";
		};
/* End PBXVariantGroup section */

/* Begin XCBuildConfiguration section */
		84F552821E1B82C1004D8CA3 /* Debug */ = {
			isa = XCBuildConfiguration;
			buildSettings = {
				ALWAYS_SEARCH_USER_PATHS = NO;
				CLANG_ANALYZER_NONNULL = YES;
				CLANG_CXX_LANGUAGE_STANDARD = "gnu++0x";
				CLANG_CXX_LIBRARY = "libc++";
				CLANG_ENABLE_MODULES = YES;
				CLANG_ENABLE_OBJC_ARC = YES;
				CLANG_WARN_BOOL_CONVERSION = YES;
				CLANG_WARN_CONSTANT_CONVERSION = YES;
				CLANG_WARN_DIRECT_OBJC_ISA_USAGE = YES_ERROR;
				CLANG_WARN_DOCUMENTATION_COMMENTS = YES;
				CLANG_WARN_EMPTY_BODY = YES;
				CLANG_WARN_ENUM_CONVERSION = YES;
				CLANG_WARN_INFINITE_RECURSION = YES;
				CLANG_WARN_INT_CONVERSION = YES;
				CLANG_WARN_OBJC_ROOT_CLASS = YES_ERROR;
				CLANG_WARN_SUSPICIOUS_MOVE = YES;
				CLANG_WARN_UNREACHABLE_CODE = YES;
				CLANG_WARN__DUPLICATE_METHOD_MATCH = YES;
				"CODE_SIGN_IDENTITY[sdk=iphoneos*]" = "iPhone Developer";
				COPY_PHASE_STRIP = NO;
				DEBUG_INFORMATION_FORMAT = dwarf;
				ENABLE_STRICT_OBJC_MSGSEND = YES;
				ENABLE_TESTABILITY = YES;
				GCC_C_LANGUAGE_STANDARD = gnu99;
				GCC_DYNAMIC_NO_PIC = NO;
				GCC_NO_COMMON_BLOCKS = YES;
				GCC_OPTIMIZATION_LEVEL = 0;
				GCC_PREPROCESSOR_DEFINITIONS = (
					"DEBUG=1",
					"$(inherited)",
				);
				GCC_WARN_64_TO_32_BIT_CONVERSION = YES;
				GCC_WARN_ABOUT_RETURN_TYPE = YES_ERROR;
				GCC_WARN_UNDECLARED_SELECTOR = YES;
				GCC_WARN_UNINITIALIZED_AUTOS = YES_AGGRESSIVE;
				GCC_WARN_UNUSED_FUNCTION = YES;
				GCC_WARN_UNUSED_VARIABLE = YES;
				IPHONEOS_DEPLOYMENT_TARGET = 10.2;
				MTL_ENABLE_DEBUG_INFO = YES;
				ONLY_ACTIVE_ARCH = YES;
				SDKROOT = iphoneos;
				TARGETED_DEVICE_FAMILY = "1,2";
			};
			name = Debug;
		};
		84F552831E1B82C1004D8CA3 /* Release */ = {
			isa = XCBuildConfiguration;
			buildSettings = {
				ALWAYS_SEARCH_USER_PATHS = NO;
				CLANG_ANALYZER_NONNULL = YES;
				CLANG_CXX_LANGUAGE_STANDARD = "gnu++0x";
				CLANG_CXX_LIBRARY = "libc++";
				CLANG_ENABLE_MODULES = YES;
				CLANG_ENABLE_OBJC_ARC = YES;
				CLANG_WARN_BOOL_CONVERSION = YES;
				CLANG_WARN_CONSTANT_CONVERSION = YES;
				CLANG_WARN_DIRECT_OBJC_ISA_USAGE = YES_ERROR;
				CLANG_WARN_DOCUMENTATION_COMMENTS = YES;
				CLANG_WARN_EMPTY_BODY = YES;
				CLANG_WARN_ENUM_CONVERSION = YES;
				CLANG_WARN_INFINITE_RECURSION = YES;
				CLANG_WARN_INT_CONVERSION = YES;
				CLANG_WARN_OBJC_ROOT_CLASS = YES_ERROR;
				CLANG_WARN_SUSPICIOUS_MOVE = YES;
				CLANG_WARN_UNREACHABLE_CODE = YES;
				CLANG_WARN__DUPLICATE_METHOD_MATCH = YES;
				"CODE_SIGN_IDENTITY[sdk=iphoneos*]" = "iPhone Developer";
				COPY_PHASE_STRIP = NO;
				DEBUG_INFORMATION_FORMAT = "dwarf-with-dsym";
				ENABLE_NS_ASSERTIONS = NO;
				ENABLE_STRICT_OBJC_MSGSEND = YES;
				GCC_C_LANGUAGE_STANDARD = gnu99;
				GCC_NO_COMMON_BLOCKS = YES;
				GCC_WARN_64_TO_32_BIT_CONVERSION = YES;
				GCC_WARN_ABOUT_RETURN_TYPE = YES_ERROR;
				GCC_WARN_UNDECLARED_SELECTOR = YES;
				GCC_WARN_UNINITIALIZED_AUTOS = YES_AGGRESSIVE;
				GCC_WARN_UNUSED_FUNCTION = YES;
				GCC_WARN_UNUSED_VARIABLE = YES;
				IPHONEOS_DEPLOYMENT_TARGET = 10.2;
				MTL_ENABLE_DEBUG_INFO = NO;
				SDKROOT = iphoneos;
				TARGETED_DEVICE_FAMILY = "1,2";
				VALIDATE_PRODUCT = YES;
			};
			name = Release;
		};
		84F552851E1B82C1004D8CA3 /* Debug */ = {
			isa = XCBuildConfiguration;
			buildSettings = {
				ASSETCATALOG_COMPILER_APPICON_NAME = AppIcon;
				DEVELOPMENT_TEAM = "";
				GCC_PRECOMPILE_PREFIX_HEADER = YES;
				GCC_PREFIX_HEADER = "$(SRCROOT)/contacts-Prefix.pch";
				INFOPLIST_FILE = Contacts/Info.plist;
				LD_RUNPATH_SEARCH_PATHS = "$(inherited) @executable_path/Frameworks";
				PRODUCT_BUNDLE_IDENTIFIER = com.Wind.Contacts;
				PRODUCT_NAME = "$(TARGET_NAME)";
			};
			name = Debug;
		};
		84F552861E1B82C1004D8CA3 /* Release */ = {
			isa = XCBuildConfiguration;
			buildSettings = {
				ASSETCATALOG_COMPILER_APPICON_NAME = AppIcon;
				DEVELOPMENT_TEAM = "";
				GCC_PRECOMPILE_PREFIX_HEADER = YES;
				GCC_PREFIX_HEADER = "$(SRCROOT)/contacts-Prefix.pch";
				INFOPLIST_FILE = Contacts/Info.plist;
				LD_RUNPATH_SEARCH_PATHS = "$(inherited) @executable_path/Frameworks";
				PRODUCT_BUNDLE_IDENTIFIER = com.Wind.Contacts;
				PRODUCT_NAME = "$(TARGET_NAME)";
			};
			name = Release;
		};
		84F552881E1B82C1004D8CA3 /* Debug */ = {
			isa = XCBuildConfiguration;
			buildSettings = {
				BUNDLE_LOADER = "$(TEST_HOST)";
				DEVELOPMENT_TEAM = R96Z66JW5H;
				INFOPLIST_FILE = ContactsTests/Info.plist;
				LD_RUNPATH_SEARCH_PATHS = "$(inherited) @executable_path/Frameworks @loader_path/Frameworks";
				PRODUCT_BUNDLE_IDENTIFIER = com.Wind.ContactsTests;
				PRODUCT_NAME = "$(TARGET_NAME)";
				TEST_HOST = "$(BUILT_PRODUCTS_DIR)/Contacts.app/Contacts";
			};
			name = Debug;
		};
		84F552891E1B82C1004D8CA3 /* Release */ = {
			isa = XCBuildConfiguration;
			buildSettings = {
				BUNDLE_LOADER = "$(TEST_HOST)";
				DEVELOPMENT_TEAM = R96Z66JW5H;
				INFOPLIST_FILE = ContactsTests/Info.plist;
				LD_RUNPATH_SEARCH_PATHS = "$(inherited) @executable_path/Frameworks @loader_path/Frameworks";
				PRODUCT_BUNDLE_IDENTIFIER = com.Wind.ContactsTests;
				PRODUCT_NAME = "$(TARGET_NAME)";
				TEST_HOST = "$(BUILT_PRODUCTS_DIR)/Contacts.app/Contacts";
			};
			name = Release;
		};
		84F5528B1E1B82C1004D8CA3 /* Debug */ = {
			isa = XCBuildConfiguration;
			buildSettings = {
				DEVELOPMENT_TEAM = R96Z66JW5H;
				INFOPLIST_FILE = ContactsUITests/Info.plist;
				LD_RUNPATH_SEARCH_PATHS = "$(inherited) @executable_path/Frameworks @loader_path/Frameworks";
				PRODUCT_BUNDLE_IDENTIFIER = com.Wind.ContactsUITests;
				PRODUCT_NAME = "$(TARGET_NAME)";
				TEST_TARGET_NAME = Contacts;
			};
			name = Debug;
		};
		84F5528C1E1B82C1004D8CA3 /* Release */ = {
			isa = XCBuildConfiguration;
			buildSettings = {
				DEVELOPMENT_TEAM = R96Z66JW5H;
				INFOPLIST_FILE = ContactsUITests/Info.plist;
				LD_RUNPATH_SEARCH_PATHS = "$(inherited) @executable_path/Frameworks @loader_path/Frameworks";
				PRODUCT_BUNDLE_IDENTIFIER = com.Wind.ContactsUITests;
				PRODUCT_NAME = "$(TARGET_NAME)";
				TEST_TARGET_NAME = Contacts;
			};
			name = Release;
		};
/* End XCBuildConfiguration section */

/* Begin XCConfigurationList section */
		84F552521E1B82C0004D8CA3 /* Build configuration list for PBXProject "Contacts" */ = {
			isa = XCConfigurationList;
			buildConfigurations = (
				84F552821E1B82C1004D8CA3 /* Debug */,
				84F552831E1B82C1004D8CA3 /* Release */,
			);
			defaultConfigurationIsVisible = 0;
			defaultConfigurationName = Release;
		};
		84F552841E1B82C1004D8CA3 /* Build configuration list for PBXNativeTarget "Contacts" */ = {
			isa = XCConfigurationList;
			buildConfigurations = (
				84F552851E1B82C1004D8CA3 /* Debug */,
				84F552861E1B82C1004D8CA3 /* Release */,
			);
			defaultConfigurationIsVisible = 0;
			defaultConfigurationName = Release;
		};
		84F552871E1B82C1004D8CA3 /* Build configuration list for PBXNativeTarget "ContactsTests" */ = {
			isa = XCConfigurationList;
			buildConfigurations = (
				84F552881E1B82C1004D8CA3 /* Debug */,
				84F552891E1B82C1004D8CA3 /* Release */,
			);
			defaultConfigurationIsVisible = 0;
			defaultConfigurationName = Release;
		};
		84F5528A1E1B82C1004D8CA3 /* Build configuration list for PBXNativeTarget "ContactsUITests" */ = {
			isa = XCConfigurationList;
			buildConfigurations = (
				84F5528B1E1B82C1004D8CA3 /* Debug */,
				84F5528C1E1B82C1004D8CA3 /* Release */,
			);
			defaultConfigurationIsVisible = 0;
			defaultConfigurationName = Release;
		};
/* End XCConfigurationList section */
	};
	rootObject = 84F5524F1E1B82C0004D8CA3 /* Project object */;
}
